
Microsoft Visual Studio Solution File, Format Version 12.00
# Visual Studio Version 16
VisualStudioVersion = 16.0.31019.35
MinimumVisualStudioVersion = 10.0.40219.1
Project("{9A19103F-16F7-4668-BE54-9A1E7A4F7556}") = "RockyMvcCoreWebApp", "RockyMvcCoreWebApp\RockyMvcCoreWebApp.csproj", "{F3919BB6-6FB0-4905-A363-7EB2DEE51088}"
EndProject
Project("{9A19103F-16F7-4668-BE54-9A1E7A4F7556}") = "RockyMvcCoreWebApp_Models", "RockyMvcCoreWebApp_Models\RockyMvcCoreWebApp_Models.csproj", "{6B9B28A0-3A63-464B-8345-4C01A3C2CECD}"
EndProject
Project("{9A19103F-16F7-4668-BE54-9A1E7A4F7556}") = "RockyMvcCoreWebApp_DataAccess", "RockyMvcCoreWebApp_DataAccess\RockyMvcCoreWebApp_DataAccess.csproj", "{6FAD5129-7B3B-4662-A5D7-AF0676368046}"
EndProject
Project("{9A19103F-16F7-4668-BE54-9A1E7A4F7556}") = "RockyMvcCoreWebApp_Utility", "RockyMvcCoreWebApp_Utility\RockyMvcCoreWebApp_Utility.csproj", "{C21B8180-BBBB-49B5-8FC3-96FC9387E16D}"
EndProject
Global
	GlobalSection(SolutionConfigurationPlatforms) = preSolution
		Debug|Any CPU = Debug|Any CPU
		Release|Any CPU = Release|Any CPU
	EndGlobalSection
	GlobalSection(ProjectConfigurationPlatforms) = postSolution
		{F3919BB6-6FB0-4905-A363-7EB2DEE51088}.Debug|Any CPU.ActiveCfg = Debug|Any CPU
		{F3919BB6-6FB0-4905-A363-7EB2DEE51088}.Debug|Any CPU.Build.0 = Debug|Any CPU
		{F3919BB6-6FB0-4905-A363-7EB2DEE51088}.Release|Any CPU.ActiveCfg = Release|Any CPU
		{F3919BB6-6FB0-4905-A363-7EB2DEE51088}.Release|Any CPU.Build.0 = Release|Any CPU
		{6B9B28A0-3A63-464B-8345-4C01A3C2CECD}.Debug|Any CPU.ActiveCfg = Debug|Any CPU
		{6B9B28A0-3A63-464B-8345-4C01A3C2CECD}.Debug|Any CPU.Build.0 = Debug|Any CPU
		{6B9B28A0-3A63-464B-8345-4C01A3C2CECD}.Release|Any CPU.ActiveCfg = Release|Any CPU
		{6B9B28A0-3A63-464B-8345-4C01A3C2CECD}.Release|Any CPU.Build.0 = Release|Any CPU
		{6FAD5129-7B3B-4662-A5D7-AF0676368046}.Debug|Any CPU.ActiveCfg = Debug|Any CPU
		{6FAD5129-7B3B-4662-A5D7-AF0676368046}.Debug|Any CPU.Build.0 = Debug|Any CPU
		{6FAD5129-7B3B-4662-A5D7-AF0676368046}.Release|Any CPU.ActiveCfg = Release|Any CPU
		{6FAD5129-7B3B-4662-A5D7-AF0676368046}.Release|Any CPU.Build.0 = Release|Any CPU
		{C21B8180-BBBB-49B5-8FC3-96FC9387E16D}.Debug|Any CPU.ActiveCfg = Debug|Any CPU
		{C21B8180-BBBB-49B5-8FC3-96FC9387E16D}.Debug|Any CPU.Build.0 = Debug|Any CPU
		{C21B8180-BBBB-49B5-8FC3-96FC9387E16D}.Release|Any CPU.ActiveCfg = Release|Any CPU
		{C21B8180-BBBB-49B5-8FC3-96FC9387E16D}.Release|Any CPU.Build.0 = Release|Any CPU
	EndGlobalSection
	GlobalSection(SolutionProperties) = preSolution
		HideSolutionNode = FALSE
	EndGlobalSection
	GlobalSection(ExtensibilityGlobals) = postSolution
		SolutionGuid = {D60628D3-43F7-42CE-9FC4-82C2489B2F81}
	EndGlobalSection
EndGlobal
